<?xml version="1.0" encoding="UTF-8" standalone="yes" ?>
<CodeBlocks_project_file>
	<FileVersion major="1" minor="6" />
	<Project>
		<Option title="TP2-AEDS2" />
		<Option pch_mode="2" />
		<Option compiler="gcc" />
		<Build>
			<Target title="Debug">
				<Option output="bin/Debug/TP2-AEDS2" prefix_auto="1" extension_auto="1" />
				<Option object_output="obj/Debug/" />
				<Option type="1" />
				<Option compiler="gcc" />
				<Compiler>
					<Add option="-g" />
				</Compiler>
			</Target>
			<Target title="Release">
				<Option output="bin/Release/TP2-AEDS2" prefix_auto="1" extension_auto="1" />
				<Option object_output="obj/Release/" />
				<Option type="1" />
				<Option compiler="gcc" />
				<Compiler>
					<Add option="-O2" />
				</Compiler>
				<Linker>
					<Add option="-s" />
				</Linker>
			</Target>
		</Build>
		<Compiler>
			<Add option="-Wall" />
			<Add option="-fexceptions" />
		</Compiler>
		<Unit filename="main.cpp" />
		<Unit filename="src/AbstractMap.h" />
		<Unit filename="src/ArrayIterator.h" />
		<Unit filename="src/Exception.h" />
		<Unit filename="src/Hash.h" />
		<Unit filename="src/HashMap.h" />
		<Unit filename="src/Iterator.h" />
		<Unit filename="src/LinkedListIterator.h" />
		<Unit filename="src/LinkedMap.h" />
		<Unit filename="src/Node.h" />
		<Unit filename="src/Registry.h" />
		<Unit filename="src/SearchMachine.h" />
		<Unit filename="src/Util.h" />
		<Unit filename="src/set.h" />
		<Extensions>
			<code_completion />
			<debugger />
		</Extensions>
	</Project>
</CodeBlocks_project_file>
